// !$*UTF8*$!
{
	archiveVersion = 1;
	classes = {
	};
	objectVersion = 55;
	objects = {

/* Begin PBXBuildFile section */
		0655C6D627F2262600E0FF07 /* FlaskButtons.swift in Sources */ = {isa = PBXBuildFile; fileRef = 0655C6D527F2262600E0FF07 /* FlaskButtons.swift */; };
		0655C6D727F2262600E0FF07 /* FlaskButtons.swift in Sources */ = {isa = PBXBuildFile; fileRef = 0655C6D527F2262600E0FF07 /* FlaskButtons.swift */; };
		0655C6D927F22E2400E0FF07 /* ChangeSceneDelegate.swift in Sources */ = {isa = PBXBuildFile; fileRef = 0655C6D827F22E2400E0FF07 /* ChangeSceneDelegate.swift */; };
		0655C6DA27F22E2400E0FF07 /* ChangeSceneDelegate.swift in Sources */ = {isa = PBXBuildFile; fileRef = 0655C6D827F22E2400E0FF07 /* ChangeSceneDelegate.swift */; };
		0655C6DC27F24DEA00E0FF07 /* MortarButton.swift in Sources */ = {isa = PBXBuildFile; fileRef = 0655C6DB27F24DEA00E0FF07 /* MortarButton.swift */; };
		0655C6DD27F24DEA00E0FF07 /* MortarButton.swift in Sources */ = {isa = PBXBuildFile; fileRef = 0655C6DB27F24DEA00E0FF07 /* MortarButton.swift */; };
		0655C6E127F37E4B00E0FF07 /* .swiftlint.yml in Resources */ = {isa = PBXBuildFile; fileRef = 0655C6E027F37E4B00E0FF07 /* .swiftlint.yml */; };
		0655C6E327F3A41A00E0FF07 /* LoadSceneDelegate.swift in Sources */ = {isa = PBXBuildFile; fileRef = 0655C6E227F3A41A00E0FF07 /* LoadSceneDelegate.swift */; };
		0671ABBF27EBAFC8002216DF /* BeakerNode.swift in Sources */ = {isa = PBXBuildFile; fileRef = 0671ABBE27EBAFC8002216DF /* BeakerNode.swift */; };
		0671ABC027EBAFC8002216DF /* BeakerNode.swift in Sources */ = {isa = PBXBuildFile; fileRef = 0671ABBE27EBAFC8002216DF /* BeakerNode.swift */; };
		0687007027ED017E000E38F1 /* ShakeDelegate.swift in Sources */ = {isa = PBXBuildFile; fileRef = 0687006F27ED017E000E38F1 /* ShakeDelegate.swift */; };
		0687007127ED017E000E38F1 /* ShakeDelegate.swift in Sources */ = {isa = PBXBuildFile; fileRef = 0687006F27ED017E000E38F1 /* ShakeDelegate.swift */; };
		06AD714827E51B6F008A4B90 /* Reagents.swift in Sources */ = {isa = PBXBuildFile; fileRef = 4C4D8ED727DFC9B100C413CB /* Reagents.swift */; };
		06AD714927E51B72008A4B90 /* Products.swift in Sources */ = {isa = PBXBuildFile; fileRef = 4C4D8ED927DFC9C100C413CB /* Products.swift */; };
		06FDB76E27EA404B0036C8EE /* EnumEstadosFormas.swift in Sources */ = {isa = PBXBuildFile; fileRef = 06FDB76D27EA404B0036C8EE /* EnumEstadosFormas.swift */; };
		06FDB76F27EA404B0036C8EE /* EnumEstadosFormas.swift in Sources */ = {isa = PBXBuildFile; fileRef = 06FDB76D27EA404B0036C8EE /* EnumEstadosFormas.swift */; };
		4C1AACC027E26426003C83BA /* AppDelegate.swift in Sources */ = {isa = PBXBuildFile; fileRef = 4C1AACBF27E26426003C83BA /* AppDelegate.swift */; };
		4C1AACCB27E26426003C83BA /* Main.storyboard in Resources */ = {isa = PBXBuildFile; fileRef = 4C1AACC927E26426003C83BA /* Main.storyboard */; };
		4C1AACD027E26427003C83BA /* LaunchScreen.storyboard in Resources */ = {isa = PBXBuildFile; fileRef = 4C1AACCE27E26427003C83BA /* LaunchScreen.storyboard */; };
		4C367FCE27ECECFD0042BE50 /* NavigationDelegate.swift in Sources */ = {isa = PBXBuildFile; fileRef = 4C367FCD27ECECFD0042BE50 /* NavigationDelegate.swift */; };
		4C367FCF27ECECFD0042BE50 /* NavigationDelegate.swift in Sources */ = {isa = PBXBuildFile; fileRef = 4C367FCD27ECECFD0042BE50 /* NavigationDelegate.swift */; };
		4C4D8ED827DFC9B100C413CB /* Reagents.swift in Sources */ = {isa = PBXBuildFile; fileRef = 4C4D8ED727DFC9B100C413CB /* Reagents.swift */; };
		4C4D8EDA27DFC9C100C413CB /* Products.swift in Sources */ = {isa = PBXBuildFile; fileRef = 4C4D8ED927DFC9C100C413CB /* Products.swift */; };
		4C4D8EDC27DFCA4200C413CB /* SKButtonNavigation.swift in Sources */ = {isa = PBXBuildFile; fileRef = 4C4D8EDB27DFCA4200C413CB /* SKButtonNavigation.swift */; };
		4C4D8EDE27DFD4B200C413CB /* GameSceneLaboratory.swift in Sources */ = {isa = PBXBuildFile; fileRef = 4C4D8EDD27DFD4B200C413CB /* GameSceneLaboratory.swift */; };
		4C4D8EE027DFD4F000C413CB /* GameSceneReaction.swift in Sources */ = {isa = PBXBuildFile; fileRef = 4C4D8EDF27DFD4F000C413CB /* GameSceneReaction.swift */; };
		4C4D8EE227DFD58F00C413CB /* GameSceneBreakChemicalBond.swift in Sources */ = {isa = PBXBuildFile; fileRef = 4C4D8EE127DFD58F00C413CB /* GameSceneBreakChemicalBond.swift */; };
		4C4D8EE427DFD5A900C413CB /* GameSceneFiltration.swift in Sources */ = {isa = PBXBuildFile; fileRef = 4C4D8EE327DFD5A900C413CB /* GameSceneFiltration.swift */; };
		4C513DDC27E4FCDB00F6AC56 /* GameController.swift in Sources */ = {isa = PBXBuildFile; fileRef = 4C513DDA27E4FCDA00F6AC56 /* GameController.swift */; };
		4CCE1F2227F3A8FD0012DC55 /* SKButton.swift in Sources */ = {isa = PBXBuildFile; fileRef = 4CCE1F2127F3A8FD0012DC55 /* SKButton.swift */; };
		4CCE1F2327F3A8FD0012DC55 /* SKButton.swift in Sources */ = {isa = PBXBuildFile; fileRef = 4CCE1F2127F3A8FD0012DC55 /* SKButton.swift */; };
		4CCE1F2427F4BEC20012DC55 /* GameController.swift in Sources */ = {isa = PBXBuildFile; fileRef = 4C513DDA27E4FCDA00F6AC56 /* GameController.swift */; };
		4CCE1F2527F4BEF80012DC55 /* GameSceneReaction.swift in Sources */ = {isa = PBXBuildFile; fileRef = 4C4D8EDF27DFD4F000C413CB /* GameSceneReaction.swift */; };
		4CCE1F2927F4F99E0012DC55 /* GameViewControllerTVOs.swift in Sources */ = {isa = PBXBuildFile; fileRef = 4CCE1F2827F4F99E0012DC55 /* GameViewControllerTVOs.swift */; };
		4CCE1F2A27F4F9D20012DC55 /* LoadSceneDelegate.swift in Sources */ = {isa = PBXBuildFile; fileRef = 0655C6E227F3A41A00E0FF07 /* LoadSceneDelegate.swift */; };
		B3F02BB727EBA9CE00AB0392 /* GameSceneBook.swift in Sources */ = {isa = PBXBuildFile; fileRef = B3F02BB627EBA9CE00AB0392 /* GameSceneBook.swift */; };
		B3F02BB827EBA9CE00AB0392 /* GameSceneBook.swift in Sources */ = {isa = PBXBuildFile; fileRef = B3F02BB627EBA9CE00AB0392 /* GameSceneBook.swift */; };
		B3F1C8E427ECE74700EBD4A8 /* munro.ttf in Resources */ = {isa = PBXBuildFile; fileRef = B3F1C8E327ECE74700EBD4A8 /* munro.ttf */; };
		B3F1C8E527ECE74700EBD4A8 /* munro.ttf in Resources */ = {isa = PBXBuildFile; fileRef = B3F1C8E327ECE74700EBD4A8 /* munro.ttf */; };
		B3F1C8EF27ECFB7B00EBD4A8 /* String+Localization.strings in Resources */ = {isa = PBXBuildFile; fileRef = B3F1C8F227ECFB7B00EBD4A8 /* String+Localization.strings */; };
		B3F1C8F027ECFB7B00EBD4A8 /* String+Localization.strings in Resources */ = {isa = PBXBuildFile; fileRef = B3F1C8F227ECFB7B00EBD4A8 /* String+Localization.strings */; };
		B3F1C8F427ECFC1400EBD4A8 /* String+Localization.swift in Sources */ = {isa = PBXBuildFile; fileRef = B3F1C8F327ECFC1400EBD4A8 /* String+Localization.swift */; };
		B3F1C8F527ECFC1400EBD4A8 /* String+Localization.swift in Sources */ = {isa = PBXBuildFile; fileRef = B3F1C8F327ECFC1400EBD4A8 /* String+Localization.swift */; };
		DB08E05C27E9070A006D9E5F /* GameSceneLaboratory.swift in Sources */ = {isa = PBXBuildFile; fileRef = 4C4D8EDD27DFD4B200C413CB /* GameSceneLaboratory.swift */; };
		DB08E05D27E90712006D9E5F /* GameSceneBreakChemicalBond.swift in Sources */ = {isa = PBXBuildFile; fileRef = 4C4D8EE127DFD58F00C413CB /* GameSceneBreakChemicalBond.swift */; };
		DB08E05E27E90716006D9E5F /* GameSceneFiltration.swift in Sources */ = {isa = PBXBuildFile; fileRef = 4C4D8EE327DFD5A900C413CB /* GameSceneFiltration.swift */; };
		DB08E05F27E9071A006D9E5F /* Reagents.swift in Sources */ = {isa = PBXBuildFile; fileRef = 4C4D8ED727DFC9B100C413CB /* Reagents.swift */; };
		DB08E06027E9071E006D9E5F /* Products.swift in Sources */ = {isa = PBXBuildFile; fileRef = 4C4D8ED927DFC9C100C413CB /* Products.swift */; };
		DB08E06127E90722006D9E5F /* SKButtonNavigation.swift in Sources */ = {isa = PBXBuildFile; fileRef = 4C4D8EDB27DFCA4200C413CB /* SKButtonNavigation.swift */; };
		DB08E06227E9082F006D9E5F /* Assets.xcassets in Resources */ = {isa = PBXBuildFile; fileRef = DBD6476A27DFBC730094B1B6 /* Assets.xcassets */; };
		DB08E06427ECFFD4006D9E5F /* SKScene+AddBackButton.swift in Sources */ = {isa = PBXBuildFile; fileRef = DB08E06327ECFFD4006D9E5F /* SKScene+AddBackButton.swift */; };
		DB08E06527ECFFD4006D9E5F /* SKScene+AddBackButton.swift in Sources */ = {isa = PBXBuildFile; fileRef = DB08E06327ECFFD4006D9E5F /* SKScene+AddBackButton.swift */; };
		DBD6475E27DFBC710094B1B6 /* AppDelegate.swift in Sources */ = {isa = PBXBuildFile; fileRef = DBD6475D27DFBC710094B1B6 /* AppDelegate.swift */; };
		DBD6476627DFBC710094B1B6 /* GameViewController.swift in Sources */ = {isa = PBXBuildFile; fileRef = DBD6476527DFBC710094B1B6 /* GameViewController.swift */; };
		DBD6476927DFBC710094B1B6 /* Main.storyboard in Resources */ = {isa = PBXBuildFile; fileRef = DBD6476727DFBC710094B1B6 /* Main.storyboard */; };
		DBD6476B27DFBC730094B1B6 /* Assets.xcassets in Resources */ = {isa = PBXBuildFile; fileRef = DBD6476A27DFBC730094B1B6 /* Assets.xcassets */; };
		DBD6476E27DFBC730094B1B6 /* LaunchScreen.storyboard in Resources */ = {isa = PBXBuildFile; fileRef = DBD6476C27DFBC730094B1B6 /* LaunchScreen.storyboard */; };
		DBE57A4627E3C7F200D99BBB /* SKScene+Background.swift in Sources */ = {isa = PBXBuildFile; fileRef = DBE57A4527E3C7F200D99BBB /* SKScene+Background.swift */; };
		DBE57A4727E3C7F200D99BBB /* SKScene+Background.swift in Sources */ = {isa = PBXBuildFile; fileRef = DBE57A4527E3C7F200D99BBB /* SKScene+Background.swift */; };
/* End PBXBuildFile section */

/* Begin PBXFileReference section */
		0655C6D527F2262600E0FF07 /* FlaskButtons.swift */ = {isa = PBXFileReference; lastKnownFileType = sourcecode.swift; path = FlaskButtons.swift; sourceTree = "<group>"; };
		0655C6D827F22E2400E0FF07 /* ChangeSceneDelegate.swift */ = {isa = PBXFileReference; lastKnownFileType = sourcecode.swift; path = ChangeSceneDelegate.swift; sourceTree = "<group>"; };
		0655C6DB27F24DEA00E0FF07 /* MortarButton.swift */ = {isa = PBXFileReference; lastKnownFileType = sourcecode.swift; path = MortarButton.swift; sourceTree = "<group>"; };
		0655C6E027F37E4B00E0FF07 /* .swiftlint.yml */ = {isa = PBXFileReference; lastKnownFileType = text.yaml; path = .swiftlint.yml; sourceTree = "<group>"; };
		0655C6E227F3A41A00E0FF07 /* LoadSceneDelegate.swift */ = {isa = PBXFileReference; lastKnownFileType = sourcecode.swift; path = LoadSceneDelegate.swift; sourceTree = "<group>"; };
		0671ABBE27EBAFC8002216DF /* BeakerNode.swift */ = {isa = PBXFileReference; lastKnownFileType = sourcecode.swift; path = BeakerNode.swift; sourceTree = "<group>"; };
		0687006F27ED017E000E38F1 /* ShakeDelegate.swift */ = {isa = PBXFileReference; lastKnownFileType = sourcecode.swift; path = ShakeDelegate.swift; sourceTree = "<group>"; };
		06FDB76D27EA404B0036C8EE /* EnumEstadosFormas.swift */ = {isa = PBXFileReference; lastKnownFileType = sourcecode.swift; path = EnumEstadosFormas.swift; sourceTree = "<group>"; };
		4C1AACBD27E26426003C83BA /* AlquimistaViajanteAppleTv.app */ = {isa = PBXFileReference; explicitFileType = wrapper.application; includeInIndex = 0; path = AlquimistaViajanteAppleTv.app; sourceTree = BUILT_PRODUCTS_DIR; };
		4C1AACBF27E26426003C83BA /* AppDelegate.swift */ = {isa = PBXFileReference; lastKnownFileType = sourcecode.swift; path = AppDelegate.swift; sourceTree = "<group>"; };
		4C1AACCA27E26426003C83BA /* Base */ = {isa = PBXFileReference; lastKnownFileType = file.storyboard; name = Base; path = Base.lproj/Main.storyboard; sourceTree = "<group>"; };
		4C1AACCF27E26427003C83BA /* Base */ = {isa = PBXFileReference; lastKnownFileType = file.storyboard; name = Base; path = Base.lproj/LaunchScreen.storyboard; sourceTree = "<group>"; };
		4C367FCD27ECECFD0042BE50 /* NavigationDelegate.swift */ = {isa = PBXFileReference; lastKnownFileType = sourcecode.swift; path = NavigationDelegate.swift; sourceTree = "<group>"; };
		4C4D8ED727DFC9B100C413CB /* Reagents.swift */ = {isa = PBXFileReference; lastKnownFileType = sourcecode.swift; path = Reagents.swift; sourceTree = "<group>"; };
		4C4D8ED927DFC9C100C413CB /* Products.swift */ = {isa = PBXFileReference; lastKnownFileType = sourcecode.swift; path = Products.swift; sourceTree = "<group>"; };
		4C4D8EDB27DFCA4200C413CB /* SKButtonNavigation.swift */ = {isa = PBXFileReference; lastKnownFileType = sourcecode.swift; path = SKButtonNavigation.swift; sourceTree = "<group>"; };
		4C4D8EDD27DFD4B200C413CB /* GameSceneLaboratory.swift */ = {isa = PBXFileReference; lastKnownFileType = sourcecode.swift; path = GameSceneLaboratory.swift; sourceTree = "<group>"; };
		4C4D8EDF27DFD4F000C413CB /* GameSceneReaction.swift */ = {isa = PBXFileReference; lastKnownFileType = sourcecode.swift; path = GameSceneReaction.swift; sourceTree = "<group>"; };
		4C4D8EE127DFD58F00C413CB /* GameSceneBreakChemicalBond.swift */ = {isa = PBXFileReference; lastKnownFileType = sourcecode.swift; path = GameSceneBreakChemicalBond.swift; sourceTree = "<group>"; };
		4C4D8EE327DFD5A900C413CB /* GameSceneFiltration.swift */ = {isa = PBXFileReference; lastKnownFileType = sourcecode.swift; path = GameSceneFiltration.swift; sourceTree = "<group>"; };
		4C513DDA27E4FCDA00F6AC56 /* GameController.swift */ = {isa = PBXFileReference; fileEncoding = 4; lastKnownFileType = sourcecode.swift; path = GameController.swift; sourceTree = "<group>"; };
		4CCE1F2127F3A8FD0012DC55 /* SKButton.swift */ = {isa = PBXFileReference; lastKnownFileType = sourcecode.swift; path = SKButton.swift; sourceTree = "<group>"; };
		4CCE1F2827F4F99E0012DC55 /* GameViewControllerTVOs.swift */ = {isa = PBXFileReference; lastKnownFileType = sourcecode.swift; path = GameViewControllerTVOs.swift; sourceTree = "<group>"; };
		B303ADDD27ED0230006A40F4 /* pt-BR */ = {isa = PBXFileReference; lastKnownFileType = text.plist.strings; name = "pt-BR"; path = "pt-BR.lproj/String+Localization.strings"; sourceTree = "<group>"; };
		B3F02BB627EBA9CE00AB0392 /* GameSceneBook.swift */ = {isa = PBXFileReference; lastKnownFileType = sourcecode.swift; path = GameSceneBook.swift; sourceTree = "<group>"; };
		B3F1C8E327ECE74700EBD4A8 /* munro.ttf */ = {isa = PBXFileReference; lastKnownFileType = file; path = munro.ttf; sourceTree = "<group>"; };
		B3F1C8E627ECE76700EBD4A8 /* Info.plist */ = {isa = PBXFileReference; lastKnownFileType = text.plist; path = Info.plist; sourceTree = "<group>"; };
		B3F1C8E727ECE92800EBD4A8 /* Info.plist */ = {isa = PBXFileReference; lastKnownFileType = text.plist; path = Info.plist; sourceTree = "<group>"; };
		B3F1C8F127ECFB7B00EBD4A8 /* en */ = {isa = PBXFileReference; lastKnownFileType = text.plist.strings; name = en; path = "en.lproj/String+Localization.strings"; sourceTree = "<group>"; };
		B3F1C8F327ECFC1400EBD4A8 /* String+Localization.swift */ = {isa = PBXFileReference; lastKnownFileType = sourcecode.swift; path = "String+Localization.swift"; sourceTree = "<group>"; };
		B3F1C8F627ECFCA300EBD4A8 /* pt-BR */ = {isa = PBXFileReference; lastKnownFileType = text.plist.strings; name = "pt-BR"; path = "pt-BR.lproj/Main.strings"; sourceTree = "<group>"; };
		B3F1C8F727ECFCA300EBD4A8 /* pt-BR */ = {isa = PBXFileReference; lastKnownFileType = text.plist.strings; name = "pt-BR"; path = "pt-BR.lproj/LaunchScreen.strings"; sourceTree = "<group>"; };
		B3F1C8F827ECFCA300EBD4A8 /* pt-BR */ = {isa = PBXFileReference; lastKnownFileType = text.plist.strings; name = "pt-BR"; path = "pt-BR.lproj/Main.strings"; sourceTree = "<group>"; };
		B3F1C8F927ECFCA300EBD4A8 /* pt-BR */ = {isa = PBXFileReference; lastKnownFileType = text.plist.strings; name = "pt-BR"; path = "pt-BR.lproj/LaunchScreen.strings"; sourceTree = "<group>"; };
		DB08E06327ECFFD4006D9E5F /* SKScene+AddBackButton.swift */ = {isa = PBXFileReference; lastKnownFileType = sourcecode.swift; path = "SKScene+AddBackButton.swift"; sourceTree = "<group>"; };
		DBD6475A27DFBC710094B1B6 /* AlquimistaViajante.app */ = {isa = PBXFileReference; explicitFileType = wrapper.application; includeInIndex = 0; path = AlquimistaViajante.app; sourceTree = BUILT_PRODUCTS_DIR; };
		DBD6475D27DFBC710094B1B6 /* AppDelegate.swift */ = {isa = PBXFileReference; lastKnownFileType = sourcecode.swift; path = AppDelegate.swift; sourceTree = "<group>"; };
		DBD6476527DFBC710094B1B6 /* GameViewController.swift */ = {isa = PBXFileReference; lastKnownFileType = sourcecode.swift; path = GameViewController.swift; sourceTree = "<group>"; };
		DBD6476827DFBC710094B1B6 /* Base */ = {isa = PBXFileReference; lastKnownFileType = file.storyboard; name = Base; path = Base.lproj/Main.storyboard; sourceTree = "<group>"; };
		DBD6476A27DFBC730094B1B6 /* Assets.xcassets */ = {isa = PBXFileReference; lastKnownFileType = folder.assetcatalog; path = Assets.xcassets; sourceTree = "<group>"; };
		DBD6476D27DFBC730094B1B6 /* Base */ = {isa = PBXFileReference; lastKnownFileType = file.storyboard; name = Base; path = Base.lproj/LaunchScreen.storyboard; sourceTree = "<group>"; };
		DBE57A4527E3C7F200D99BBB /* SKScene+Background.swift */ = {isa = PBXFileReference; lastKnownFileType = sourcecode.swift; path = "SKScene+Background.swift"; sourceTree = "<group>"; };
/* End PBXFileReference section */

/* Begin PBXFrameworksBuildPhase section */
		4C1AACBA27E26426003C83BA /* Frameworks */ = {
			isa = PBXFrameworksBuildPhase;
			buildActionMask = 2147483647;
			files = (
			);
			runOnlyForDeploymentPostprocessing = 0;
		};
		DBD6475727DFBC710094B1B6 /* Frameworks */ = {
			isa = PBXFrameworksBuildPhase;
			buildActionMask = 2147483647;
			files = (
			);
			runOnlyForDeploymentPostprocessing = 0;
		};
/* End PBXFrameworksBuildPhase section */

/* Begin PBXGroup section */
		0688FF9727EA6BD700C930A3 /* Protocolos */ = {
			isa = PBXGroup;
			children = (
				0687006F27ED017E000E38F1 /* ShakeDelegate.swift */,
				4C367FCD27ECECFD0042BE50 /* NavigationDelegate.swift */,
				0655C6D827F22E2400E0FF07 /* ChangeSceneDelegate.swift */,
				0655C6E227F3A41A00E0FF07 /* LoadSceneDelegate.swift */,
			);
			path = Protocolos;
			sourceTree = "<group>";
		};
		06DA231127F6222500FC25FD /* Recovered References */ = {
			isa = PBXGroup;
			children = (
			);
			name = "Recovered References";
			sourceTree = "<group>";
		};
		4C1AACBE27E26426003C83BA /* AlquimistaViajanteAppleTv */ = {
			isa = PBXGroup;
			children = (
				B3F1C8E727ECE92800EBD4A8 /* Info.plist */,
				4C1AACBF27E26426003C83BA /* AppDelegate.swift */,
				4C1AACC927E26426003C83BA /* Main.storyboard */,
				4C1AACCE27E26427003C83BA /* LaunchScreen.storyboard */,
				4CCE1F2827F4F99E0012DC55 /* GameViewControllerTVOs.swift */,
			);
			path = AlquimistaViajanteAppleTv;
			sourceTree = "<group>";
		};
		4C367FCC27ECDE050042BE50 /* Buttons */ = {
			isa = PBXGroup;
			children = (
				4C4D8EDB27DFCA4200C413CB /* SKButtonNavigation.swift */,
				0655C6D527F2262600E0FF07 /* FlaskButtons.swift */,
				0655C6DB27F24DEA00E0FF07 /* MortarButton.swift */,
				4CCE1F2127F3A8FD0012DC55 /* SKButton.swift */,
			);
			path = Buttons;
			sourceTree = "<group>";
		};
		4C4D8ED227DFC0A200C413CB /* Model */ = {
			isa = PBXGroup;
			children = (
				4C367FCC27ECDE050042BE50 /* Buttons */,
				4C4D8ED727DFC9B100C413CB /* Reagents.swift */,
				4C4D8ED927DFC9C100C413CB /* Products.swift */,
				06FDB76D27EA404B0036C8EE /* EnumEstadosFormas.swift */,
				0671ABBE27EBAFC8002216DF /* BeakerNode.swift */,
			);
			path = Model;
			sourceTree = "<group>";
		};
		4C4D8ED327DFC0B100C413CB /* Scene */ = {
			isa = PBXGroup;
			children = (
				4C4D8EDD27DFD4B200C413CB /* GameSceneLaboratory.swift */,
				4C4D8EDF27DFD4F000C413CB /* GameSceneReaction.swift */,
				4C4D8EE127DFD58F00C413CB /* GameSceneBreakChemicalBond.swift */,
				B3F02BB627EBA9CE00AB0392 /* GameSceneBook.swift */,
				4C4D8EE327DFD5A900C413CB /* GameSceneFiltration.swift */,
			);
			path = Scene;
			sourceTree = "<group>";
		};
		4C4D8ED427DFC0C700C413CB /* Controller */ = {
			isa = PBXGroup;
			children = (
				4C513DDA27E4FCDA00F6AC56 /* GameController.swift */,
				DBD6476527DFBC710094B1B6 /* GameViewController.swift */,
			);
			path = Controller;
			sourceTree = "<group>";
		};
		4C513DD927E4EF5C00F6AC56 /* Extension */ = {
			isa = PBXGroup;
			children = (
				DBE57A4527E3C7F200D99BBB /* SKScene+Background.swift */,
				DB08E06327ECFFD4006D9E5F /* SKScene+AddBackButton.swift */,
			);
			path = Extension;
			sourceTree = "<group>";
		};
		B3F1C8E227ECE73600EBD4A8 /* Font */ = {
			isa = PBXGroup;
			children = (
				B3F1C8E327ECE74700EBD4A8 /* munro.ttf */,
				B3F1C8EB27ECF95100EBD4A8 /* Localized */,
			);
			path = Font;
			sourceTree = "<group>";
		};
		B3F1C8EB27ECF95100EBD4A8 /* Localized */ = {
			isa = PBXGroup;
			children = (
				B3F1C8F327ECFC1400EBD4A8 /* String+Localization.swift */,
				B3F1C8F227ECFB7B00EBD4A8 /* String+Localization.strings */,
			);
			path = Localized;
			sourceTree = "<group>";
		};
		DB08E05927E9066A006D9E5F /* AlquimistaViajante Shared */ = {
			isa = PBXGroup;
			children = (
				B3F1C8E227ECE73600EBD4A8 /* Font */,
				0688FF9727EA6BD700C930A3 /* Protocolos */,
				DBD6476A27DFBC730094B1B6 /* Assets.xcassets */,
				4C4D8ED327DFC0B100C413CB /* Scene */,
				4C4D8ED227DFC0A200C413CB /* Model */,
				4C513DD927E4EF5C00F6AC56 /* Extension */,
			);
			path = "AlquimistaViajante Shared";
			sourceTree = "<group>";
		};
		DBD6475127DFBC710094B1B6 = {
			isa = PBXGroup;
			children = (
				0655C6E027F37E4B00E0FF07 /* .swiftlint.yml */,
				DB08E05927E9066A006D9E5F /* AlquimistaViajante Shared */,
				DBD6475C27DFBC710094B1B6 /* AlquimistaViajante */,
				4C1AACBE27E26426003C83BA /* AlquimistaViajanteAppleTv */,
				DBD6475B27DFBC710094B1B6 /* Products */,
				06DA231127F6222500FC25FD /* Recovered References */,
			);
			sourceTree = "<group>";
		};
		DBD6475B27DFBC710094B1B6 /* Products */ = {
			isa = PBXGroup;
			children = (
				DBD6475A27DFBC710094B1B6 /* AlquimistaViajante.app */,
				4C1AACBD27E26426003C83BA /* AlquimistaViajanteAppleTv.app */,
			);
			name = Products;
			sourceTree = "<group>";
		};
		DBD6475C27DFBC710094B1B6 /* AlquimistaViajante */ = {
			isa = PBXGroup;
			children = (
				B3F1C8E627ECE76700EBD4A8 /* Info.plist */,
				DBD6475D27DFBC710094B1B6 /* AppDelegate.swift */,
				4C4D8ED427DFC0C700C413CB /* Controller */,
				DBD6476727DFBC710094B1B6 /* Main.storyboard */,
				DBD6476C27DFBC730094B1B6 /* LaunchScreen.storyboard */,
			);
			path = AlquimistaViajante;
			sourceTree = "<group>";
		};
/* End PBXGroup section */

/* Begin PBXNativeTarget section */
		4C1AACBC27E26426003C83BA /* AlquimistaViajanteAppleTv */ = {
			isa = PBXNativeTarget;
			buildConfigurationList = 4C1AACD327E26427003C83BA /* Build configuration list for PBXNativeTarget "AlquimistaViajanteAppleTv" */;
			buildPhases = (
				4C1AACB927E26426003C83BA /* Sources */,
				4C1AACBA27E26426003C83BA /* Frameworks */,
				4C1AACBB27E26426003C83BA /* Resources */,
			);
			buildRules = (
			);
			dependencies = (
			);
			name = AlquimistaViajanteAppleTv;
			productName = AlquimistaViajanteAppleTv;
			productReference = 4C1AACBD27E26426003C83BA /* AlquimistaViajanteAppleTv.app */;
			productType = "com.apple.product-type.application";
		};
		DBD6475927DFBC710094B1B6 /* AlquimistaViajante */ = {
			isa = PBXNativeTarget;
			buildConfigurationList = DBD6477127DFBC730094B1B6 /* Build configuration list for PBXNativeTarget "AlquimistaViajante" */;
			buildPhases = (
				DBD6475627DFBC710094B1B6 /* Sources */,
				DBD6475727DFBC710094B1B6 /* Frameworks */,
				DBD6475827DFBC710094B1B6 /* Resources */,
				0655C6DF27F37C6200E0FF07 /* Run SwiftLint */,
			);
			buildRules = (
			);
			dependencies = (
			);
			name = AlquimistaViajante;
			productName = AlquimistaViajante;
			productReference = DBD6475A27DFBC710094B1B6 /* AlquimistaViajante.app */;
			productType = "com.apple.product-type.application";
		};
/* End PBXNativeTarget section */

/* Begin PBXProject section */
		DBD6475227DFBC710094B1B6 /* Project object */ = {
			isa = PBXProject;
			attributes = {
				BuildIndependentTargetsInParallel = 1;
				LastSwiftUpdateCheck = 1330;
				LastUpgradeCheck = 1320;
				TargetAttributes = {
					4C1AACBC27E26426003C83BA = {
						CreatedOnToolsVersion = 13.3;
					};
					DBD6475927DFBC710094B1B6 = {
						CreatedOnToolsVersion = 13.2.1;
					};
				};
			};
			buildConfigurationList = DBD6475527DFBC710094B1B6 /* Build configuration list for PBXProject "AlquimistaViajante" */;
			compatibilityVersion = "Xcode 13.0";
			developmentRegion = en;
			hasScannedForEncodings = 0;
			knownRegions = (
				en,
				Base,
				"pt-BR",
			);
			mainGroup = DBD6475127DFBC710094B1B6;
			productRefGroup = DBD6475B27DFBC710094B1B6 /* Products */;
			projectDirPath = "";
			projectRoot = "";
			targets = (
				DBD6475927DFBC710094B1B6 /* AlquimistaViajante */,
				4C1AACBC27E26426003C83BA /* AlquimistaViajanteAppleTv */,
			);
		};
/* End PBXProject section */

/* Begin PBXResourcesBuildPhase section */
		4C1AACBB27E26426003C83BA /* Resources */ = {
			isa = PBXResourcesBuildPhase;
			buildActionMask = 2147483647;
			files = (
				4C1AACCB27E26426003C83BA /* Main.storyboard in Resources */,
				DB08E06227E9082F006D9E5F /* Assets.xcassets in Resources */,
				B3F1C8E527ECE74700EBD4A8 /* munro.ttf in Resources */,
				4C1AACD027E26427003C83BA /* LaunchScreen.storyboard in Resources */,
				B3F1C8F027ECFB7B00EBD4A8 /* String+Localization.strings in Resources */,
			);
			runOnlyForDeploymentPostprocessing = 0;
		};
		DBD6475827DFBC710094B1B6 /* Resources */ = {
			isa = PBXResourcesBuildPhase;
			buildActionMask = 2147483647;
			files = (
				0655C6E127F37E4B00E0FF07 /* .swiftlint.yml in Resources */,
				DBD6476927DFBC710094B1B6 /* Main.storyboard in Resources */,
				DBD6476B27DFBC730094B1B6 /* Assets.xcassets in Resources */,
				B3F1C8E427ECE74700EBD4A8 /* munro.ttf in Resources */,
				DBD6476E27DFBC730094B1B6 /* LaunchScreen.storyboard in Resources */,
				B3F1C8EF27ECFB7B00EBD4A8 /* String+Localization.strings in Resources */,
			);
			runOnlyForDeploymentPostprocessing = 0;
		};
/* End PBXResourcesBuildPhase section */

/* Begin PBXShellScriptBuildPhase section */
		0655C6DF27F37C6200E0FF07 /* Run SwiftLint */ = {
			isa = PBXShellScriptBuildPhase;
			buildActionMask = 2147483647;
			files = (
			);
			inputFileListPaths = (
			);
			inputPaths = (
			);
			name = "Run SwiftLint";
			outputFileListPaths = (
			);
			outputPaths = (
			);
			runOnlyForDeploymentPostprocessing = 0;
			shellPath = /bin/sh;
			shellScript = "# Type a script or drag a script file from your workspace to insert its path.\nif which swiftlint > /dev/null; then\n  swiftlint\nelse\n  echo \"warning: SwiftLint not installed, download from https://github.com/realm/SwiftLint\"\nfi\n";
		};
/* End PBXShellScriptBuildPhase section */

/* Begin PBXSourcesBuildPhase section */
		4C1AACB927E26426003C83BA /* Sources */ = {
			isa = PBXSourcesBuildPhase;
			buildActionMask = 2147483647;
			files = (
				06AD714927E51B72008A4B90 /* Products.swift in Sources */,
				4CCE1F2A27F4F9D20012DC55 /* LoadSceneDelegate.swift in Sources */,
				4C367FCF27ECECFD0042BE50 /* NavigationDelegate.swift in Sources */,
				06AD714827E51B6F008A4B90 /* Reagents.swift in Sources */,
				DB08E06527ECFFD4006D9E5F /* SKScene+AddBackButton.swift in Sources */,
				06FDB76F27EA404B0036C8EE /* EnumEstadosFormas.swift in Sources */,
				0655C6D727F2262600E0FF07 /* FlaskButtons.swift in Sources */,
				DB08E06027E9071E006D9E5F /* Products.swift in Sources */,
				DB08E05F27E9071A006D9E5F /* Reagents.swift in Sources */,
				4CCE1F2427F4BEC20012DC55 /* GameController.swift in Sources */,
				0655C6DD27F24DEA00E0FF07 /* MortarButton.swift in Sources */,
				4CCE1F2327F3A8FD0012DC55 /* SKButton.swift in Sources */,
				DB08E05E27E90716006D9E5F /* GameSceneFiltration.swift in Sources */,
				DB08E05D27E90712006D9E5F /* GameSceneBreakChemicalBond.swift in Sources */,
				B3F02BB827EBA9CE00AB0392 /* GameSceneBook.swift in Sources */,
				DB08E06127E90722006D9E5F /* SKButtonNavigation.swift in Sources */,
				4CCE1F2527F4BEF80012DC55 /* GameSceneReaction.swift in Sources */,
				0671ABC027EBAFC8002216DF /* BeakerNode.swift in Sources */,
				DB08E06127E90722006D9E5F /* SKButtonNavigation.swift in Sources */,
				DBE57A4727E3C7F200D99BBB /* SKScene+Background.swift in Sources */,
				DB08E05C27E9070A006D9E5F /* GameSceneLaboratory.swift in Sources */,
				0687007127ED017E000E38F1 /* ShakeDelegate.swift in Sources */,
				0655C6DA27F22E2400E0FF07 /* ChangeSceneDelegate.swift in Sources */,
				4C1AACC027E26426003C83BA /* AppDelegate.swift in Sources */,
				B3F1C8F527ECFC1400EBD4A8 /* String+Localization.swift in Sources */,
				4CCE1F2927F4F99E0012DC55 /* GameViewControllerTVOs.swift in Sources */,
			);
			runOnlyForDeploymentPostprocessing = 0;
		};
		DBD6475627DFBC710094B1B6 /* Sources */ = {
			isa = PBXSourcesBuildPhase;
			buildActionMask = 2147483647;
			files = (
				4C4D8EE027DFD4F000C413CB /* GameSceneReaction.swift in Sources */,
				4C4D8EDC27DFCA4200C413CB /* SKButtonNavigation.swift in Sources */,
				DB08E06427ECFFD4006D9E5F /* SKScene+AddBackButton.swift in Sources */,
				0655C6D627F2262600E0FF07 /* FlaskButtons.swift in Sources */,
				4CCE1F2227F3A8FD0012DC55 /* SKButton.swift in Sources */,
				4C367FCE27ECECFD0042BE50 /* NavigationDelegate.swift in Sources */,
				4C4D8EE227DFD58F00C413CB /* GameSceneBreakChemicalBond.swift in Sources */,
				4C4D8EDE27DFD4B200C413CB /* GameSceneLaboratory.swift in Sources */,
				4C4D8EE427DFD5A900C413CB /* GameSceneFiltration.swift in Sources */,
				4C4D8ED827DFC9B100C413CB /* Reagents.swift in Sources */,
				0655C6E327F3A41A00E0FF07 /* LoadSceneDelegate.swift in Sources */,
				DBE57A4627E3C7F200D99BBB /* SKScene+Background.swift in Sources */,
				B3F1C8F427ECFC1400EBD4A8 /* String+Localization.swift in Sources */,
				06FDB76E27EA404B0036C8EE /* EnumEstadosFormas.swift in Sources */,
				B3F02BB727EBA9CE00AB0392 /* GameSceneBook.swift in Sources */,
				0655C6DC27F24DEA00E0FF07 /* MortarButton.swift in Sources */,
				4C4D8EDA27DFC9C100C413CB /* Products.swift in Sources */,
				DBD6476627DFBC710094B1B6 /* GameViewController.swift in Sources */,
				0687007027ED017E000E38F1 /* ShakeDelegate.swift in Sources */,
				DBD6475E27DFBC710094B1B6 /* AppDelegate.swift in Sources */,
				0655C6D927F22E2400E0FF07 /* ChangeSceneDelegate.swift in Sources */,
				4C513DDC27E4FCDB00F6AC56 /* GameController.swift in Sources */,
				0671ABBF27EBAFC8002216DF /* BeakerNode.swift in Sources */,
			);
			runOnlyForDeploymentPostprocessing = 0;
		};
/* End PBXSourcesBuildPhase section */

/* Begin PBXVariantGroup section */
		4C1AACC927E26426003C83BA /* Main.storyboard */ = {
			isa = PBXVariantGroup;
			children = (
				4C1AACCA27E26426003C83BA /* Base */,
				B3F1C8F827ECFCA300EBD4A8 /* pt-BR */,
			);
			name = Main.storyboard;
			sourceTree = "<group>";
		};
		4C1AACCE27E26427003C83BA /* LaunchScreen.storyboard */ = {
			isa = PBXVariantGroup;
			children = (
				4C1AACCF27E26427003C83BA /* Base */,
				B3F1C8F927ECFCA300EBD4A8 /* pt-BR */,
			);
			name = LaunchScreen.storyboard;
			sourceTree = "<group>";
		};
		B3F1C8F227ECFB7B00EBD4A8 /* String+Localization.strings */ = {
			isa = PBXVariantGroup;
			children = (
				B3F1C8F127ECFB7B00EBD4A8 /* en */,
				B303ADDD27ED0230006A40F4 /* pt-BR */,
			);
			name = "String+Localization.strings";
			sourceTree = "<group>";
		};
		DBD6476727DFBC710094B1B6 /* Main.storyboard */ = {
			isa = PBXVariantGroup;
			children = (
				DBD6476827DFBC710094B1B6 /* Base */,
				B3F1C8F627ECFCA300EBD4A8 /* pt-BR */,
			);
			name = Main.storyboard;
			sourceTree = "<group>";
		};
		DBD6476C27DFBC730094B1B6 /* LaunchScreen.storyboard */ = {
			isa = PBXVariantGroup;
			children = (
				DBD6476D27DFBC730094B1B6 /* Base */,
				B3F1C8F727ECFCA300EBD4A8 /* pt-BR */,
			);
			name = LaunchScreen.storyboard;
			sourceTree = "<group>";
		};
/* End PBXVariantGroup section */

/* Begin XCBuildConfiguration section */
		4C1AACD127E26427003C83BA /* Debug */ = {
			isa = XCBuildConfiguration;
			buildSettings = {
				ASSETCATALOG_COMPILER_APPICON_NAME = "App Icon & Top Shelf Image";
				ASSETCATALOG_COMPILER_GLOBAL_ACCENT_COLOR_NAME = AccentColor;
				CODE_SIGN_STYLE = Automatic;
				CURRENT_PROJECT_VERSION = 1;
				DEVELOPMENT_TEAM = YJHS8SK8R5;
				GENERATE_INFOPLIST_FILE = YES;
				INFOPLIST_FILE = AlquimistaViajanteAppleTv/Info.plist;
				INFOPLIST_KEY_UILaunchStoryboardName = LaunchScreen;
				INFOPLIST_KEY_UIMainStoryboardFile = Main;
				INFOPLIST_KEY_UIUserInterfaceStyle = Automatic;
				LD_RUNPATH_SEARCH_PATHS = (
					"$(inherited)",
					"@executable_path/Frameworks",
				);
				MARKETING_VERSION = 1.0;
				PRODUCT_BUNDLE_IDENTIFIER = br.dev.mvinicius.AlquimistaViajanteAppleTv;
				PRODUCT_NAME = "$(TARGET_NAME)";
				SDKROOT = appletvos;
				SWIFT_EMIT_LOC_STRINGS = YES;
				SWIFT_VERSION = 5.0;
				TARGETED_DEVICE_FAMILY = 3;
				TVOS_DEPLOYMENT_TARGET = 15.2;
			};
			name = Debug;
		};
		4C1AACD227E26427003C83BA /* Release */ = {
			isa = XCBuildConfiguration;
			buildSettings = {
				ASSETCATALOG_COMPILER_APPICON_NAME = "App Icon & Top Shelf Image";
				ASSETCATALOG_COMPILER_GLOBAL_ACCENT_COLOR_NAME = AccentColor;
				CODE_SIGN_STYLE = Automatic;
				CURRENT_PROJECT_VERSION = 1;
				DEVELOPMENT_TEAM = YJHS8SK8R5;
				GENERATE_INFOPLIST_FILE = YES;
				INFOPLIST_FILE = AlquimistaViajanteAppleTv/Info.plist;
				INFOPLIST_KEY_UILaunchStoryboardName = LaunchScreen;
				INFOPLIST_KEY_UIMainStoryboardFile = Main;
				INFOPLIST_KEY_UIUserInterfaceStyle = Automatic;
				LD_RUNPATH_SEARCH_PATHS = (
					"$(inherited)",
					"@executable_path/Frameworks",
				);
				MARKETING_VERSION = 1.0;
				PRODUCT_BUNDLE_IDENTIFIER = br.dev.mvinicius.AlquimistaViajanteAppleTv;
				PRODUCT_NAME = "$(TARGET_NAME)";
				SDKROOT = appletvos;
				SWIFT_EMIT_LOC_STRINGS = YES;
				SWIFT_VERSION = 5.0;
				TARGETED_DEVICE_FAMILY = 3;
				TVOS_DEPLOYMENT_TARGET = 15.2;
			};
			name = Release;
		};
		DBD6476F27DFBC730094B1B6 /* Debug */ = {
			isa = XCBuildConfiguration;
			buildSettings = {
				ALWAYS_SEARCH_USER_PATHS = NO;
				CLANG_ANALYZER_LOCALIZABILITY_NONLOCALIZED = YES;
				CLANG_ANALYZER_NONNULL = YES;
				CLANG_ANALYZER_NUMBER_OBJECT_CONVERSION = YES_AGGRESSIVE;
				CLANG_CXX_LANGUAGE_STANDARD = "gnu++17";
				CLANG_CXX_LIBRARY = "libc++";
				CLANG_ENABLE_MODULES = YES;
				CLANG_ENABLE_OBJC_ARC = YES;
				CLANG_ENABLE_OBJC_WEAK = YES;
				CLANG_WARN_BLOCK_CAPTURE_AUTORELEASING = YES;
				CLANG_WARN_BOOL_CONVERSION = YES;
				CLANG_WARN_COMMA = YES;
				CLANG_WARN_CONSTANT_CONVERSION = YES;
				CLANG_WARN_DEPRECATED_OBJC_IMPLEMENTATIONS = YES;
				CLANG_WARN_DIRECT_OBJC_ISA_USAGE = YES_ERROR;
				CLANG_WARN_DOCUMENTATION_COMMENTS = YES;
				CLANG_WARN_EMPTY_BODY = YES;
				CLANG_WARN_ENUM_CONVERSION = YES;
				CLANG_WARN_INFINITE_RECURSION = YES;
				CLANG_WARN_INT_CONVERSION = YES;
				CLANG_WARN_NON_LITERAL_NULL_CONVERSION = YES;
				CLANG_WARN_OBJC_IMPLICIT_RETAIN_SELF = YES;
				CLANG_WARN_OBJC_LITERAL_CONVERSION = YES;
				CLANG_WARN_OBJC_ROOT_CLASS = YES_ERROR;
				CLANG_WARN_QUOTED_INCLUDE_IN_FRAMEWORK_HEADER = YES;
				CLANG_WARN_RANGE_LOOP_ANALYSIS = YES;
				CLANG_WARN_STRICT_PROTOTYPES = YES;
				CLANG_WARN_SUSPICIOUS_MOVE = YES;
				CLANG_WARN_UNGUARDED_AVAILABILITY = YES_AGGRESSIVE;
				CLANG_WARN_UNREACHABLE_CODE = YES;
				CLANG_WARN__DUPLICATE_METHOD_MATCH = YES;
				COPY_PHASE_STRIP = NO;
				DEBUG_INFORMATION_FORMAT = dwarf;
				ENABLE_STRICT_OBJC_MSGSEND = YES;
				ENABLE_TESTABILITY = YES;
				GCC_C_LANGUAGE_STANDARD = gnu11;
				GCC_DYNAMIC_NO_PIC = NO;
				GCC_NO_COMMON_BLOCKS = YES;
				GCC_OPTIMIZATION_LEVEL = 0;
				GCC_PREPROCESSOR_DEFINITIONS = (
					"DEBUG=1",
					"$(inherited)",
				);
				GCC_WARN_64_TO_32_BIT_CONVERSION = YES;
				GCC_WARN_ABOUT_RETURN_TYPE = YES_ERROR;
				GCC_WARN_UNDECLARED_SELECTOR = YES;
				GCC_WARN_UNINITIALIZED_AUTOS = YES_AGGRESSIVE;
				GCC_WARN_UNUSED_FUNCTION = YES;
				GCC_WARN_UNUSED_VARIABLE = YES;
				IPHONEOS_DEPLOYMENT_TARGET = 15.2;
				MTL_ENABLE_DEBUG_INFO = INCLUDE_SOURCE;
				MTL_FAST_MATH = YES;
				ONLY_ACTIVE_ARCH = YES;
				SDKROOT = iphoneos;
				SWIFT_ACTIVE_COMPILATION_CONDITIONS = DEBUG;
				SWIFT_OPTIMIZATION_LEVEL = "-Onone";
			};
			name = Debug;
		};
		DBD6477027DFBC730094B1B6 /* Release */ = {
			isa = XCBuildConfiguration;
			buildSettings = {
				ALWAYS_SEARCH_USER_PATHS = NO;
				CLANG_ANALYZER_LOCALIZABILITY_NONLOCALIZED = YES;
				CLANG_ANALYZER_NONNULL = YES;
				CLANG_ANALYZER_NUMBER_OBJECT_CONVERSION = YES_AGGRESSIVE;
				CLANG_CXX_LANGUAGE_STANDARD = "gnu++17";
				CLANG_CXX_LIBRARY = "libc++";
				CLANG_ENABLE_MODULES = YES;
				CLANG_ENABLE_OBJC_ARC = YES;
				CLANG_ENABLE_OBJC_WEAK = YES;
				CLANG_WARN_BLOCK_CAPTURE_AUTORELEASING = YES;
				CLANG_WARN_BOOL_CONVERSION = YES;
				CLANG_WARN_COMMA = YES;
				CLANG_WARN_CONSTANT_CONVERSION = YES;
				CLANG_WARN_DEPRECATED_OBJC_IMPLEMENTATIONS = YES;
				CLANG_WARN_DIRECT_OBJC_ISA_USAGE = YES_ERROR;
				CLANG_WARN_DOCUMENTATION_COMMENTS = YES;
				CLANG_WARN_EMPTY_BODY = YES;
				CLANG_WARN_ENUM_CONVERSION = YES;
				CLANG_WARN_INFINITE_RECURSION = YES;
				CLANG_WARN_INT_CONVERSION = YES;
				CLANG_WARN_NON_LITERAL_NULL_CONVERSION = YES;
				CLANG_WARN_OBJC_IMPLICIT_RETAIN_SELF = YES;
				CLANG_WARN_OBJC_LITERAL_CONVERSION = YES;
				CLANG_WARN_OBJC_ROOT_CLASS = YES_ERROR;
				CLANG_WARN_QUOTED_INCLUDE_IN_FRAMEWORK_HEADER = YES;
				CLANG_WARN_RANGE_LOOP_ANALYSIS = YES;
				CLANG_WARN_STRICT_PROTOTYPES = YES;
				CLANG_WARN_SUSPICIOUS_MOVE = YES;
				CLANG_WARN_UNGUARDED_AVAILABILITY = YES_AGGRESSIVE;
				CLANG_WARN_UNREACHABLE_CODE = YES;
				CLANG_WARN__DUPLICATE_METHOD_MATCH = YES;
				COPY_PHASE_STRIP = NO;
				DEBUG_INFORMATION_FORMAT = "dwarf-with-dsym";
				ENABLE_NS_ASSERTIONS = NO;
				ENABLE_STRICT_OBJC_MSGSEND = YES;
				GCC_C_LANGUAGE_STANDARD = gnu11;
				GCC_NO_COMMON_BLOCKS = YES;
				GCC_WARN_64_TO_32_BIT_CONVERSION = YES;
				GCC_WARN_ABOUT_RETURN_TYPE = YES_ERROR;
				GCC_WARN_UNDECLARED_SELECTOR = YES;
				GCC_WARN_UNINITIALIZED_AUTOS = YES_AGGRESSIVE;
				GCC_WARN_UNUSED_FUNCTION = YES;
				GCC_WARN_UNUSED_VARIABLE = YES;
				IPHONEOS_DEPLOYMENT_TARGET = 15.2;
				MTL_ENABLE_DEBUG_INFO = NO;
				MTL_FAST_MATH = YES;
				SDKROOT = iphoneos;
				SWIFT_COMPILATION_MODE = wholemodule;
				SWIFT_OPTIMIZATION_LEVEL = "-O";
				VALIDATE_PRODUCT = YES;
			};
			name = Release;
		};
		DBD6477227DFBC730094B1B6 /* Debug */ = {
			isa = XCBuildConfiguration;
			buildSettings = {
				ASSETCATALOG_COMPILER_APPICON_NAME = AppIcon;
				ASSETCATALOG_COMPILER_GLOBAL_ACCENT_COLOR_NAME = AccentColor;
				CODE_SIGN_STYLE = Automatic;
				CURRENT_PROJECT_VERSION = 1;
				DEVELOPMENT_TEAM = NHY67K6358;
				GENERATE_INFOPLIST_FILE = YES;
				INFOPLIST_FILE = AlquimistaViajante/Info.plist;
				INFOPLIST_KEY_NSMicrophoneUsageDescription = "";
				INFOPLIST_KEY_UIApplicationSupportsIndirectInputEvents = YES;
				INFOPLIST_KEY_UILaunchStoryboardName = LaunchScreen;
				INFOPLIST_KEY_UIMainStoryboardFile = Main;
				INFOPLIST_KEY_UIStatusBarHidden = YES;
				INFOPLIST_KEY_UISupportedInterfaceOrientations = UIInterfaceOrientationLandscapeLeft;
				INFOPLIST_KEY_UISupportedInterfaceOrientations_iPad = "UIInterfaceOrientationLandscapeLeft UIInterfaceOrientationLandscapeRight";
				INFOPLIST_KEY_UISupportedInterfaceOrientations_iPhone = "UIInterfaceOrientationLandscapeLeft UIInterfaceOrientationLandscapeRight";
				LD_RUNPATH_SEARCH_PATHS = (
					"$(inherited)",
					"@executable_path/Frameworks",
				);
				MARKETING_VERSION = 1.0;
				PRODUCT_BUNDLE_IDENTIFIER = Anna.Andrade.AlquimistaViajante;
				PRODUCT_NAME = "$(TARGET_NAME)";
				SWIFT_EMIT_LOC_STRINGS = YES;
				SWIFT_VERSION = 5.0;
				TARGETED_DEVICE_FAMILY = "1,2";
			};
			name = Debug;
		};
		DBD6477327DFBC730094B1B6 /* Release */ = {
			isa = XCBuildConfiguration;
			buildSettings = {
				ASSETCATALOG_COMPILER_APPICON_NAME = AppIcon;
				ASSETCATALOG_COMPILER_GLOBAL_ACCENT_COLOR_NAME = AccentColor;
				CODE_SIGN_STYLE = Automatic;
				CURRENT_PROJECT_VERSION = 1;
				DEVELOPMENT_TEAM = NHY67K6358;
				GENERATE_INFOPLIST_FILE = YES;
				INFOPLIST_FILE = AlquimistaViajante/Info.plist;
				INFOPLIST_KEY_NSMicrophoneUsageDescription = "";
				INFOPLIST_KEY_UIApplicationSupportsIndirectInputEvents = YES;
				INFOPLIST_KEY_UILaunchStoryboardName = LaunchScreen;
				INFOPLIST_KEY_UIMainStoryboardFile = Main;
				INFOPLIST_KEY_UIStatusBarHidden = YES;
				INFOPLIST_KEY_UISupportedInterfaceOrientations = UIInterfaceOrientationLandscapeLeft;
				INFOPLIST_KEY_UISupportedInterfaceOrientations_iPad = "UIInterfaceOrientationLandscapeLeft UIInterfaceOrientationLandscapeRight";
				INFOPLIST_KEY_UISupportedInterfaceOrientations_iPhone = "UIInterfaceOrientationLandscapeLeft UIInterfaceOrientationLandscapeRight";
				LD_RUNPATH_SEARCH_PATHS = (
					"$(inherited)",
					"@executable_path/Frameworks",
				);
				MARKETING_VERSION = 1.0;
				PRODUCT_BUNDLE_IDENTIFIER = Anna.Andrade.AlquimistaViajante;
				PRODUCT_NAME = "$(TARGET_NAME)";
				SWIFT_EMIT_LOC_STRINGS = YES;
				SWIFT_VERSION = 5.0;
				TARGETED_DEVICE_FAMILY = "1,2";
			};
			name = Release;
		};
/* End XCBuildConfiguration section */

/* Begin XCConfigurationList section */
		4C1AACD327E26427003C83BA /* Build configuration list for PBXNativeTarget "AlquimistaViajanteAppleTv" */ = {
			isa = XCConfigurationList;
			buildConfigurations = (
				4C1AACD127E26427003C83BA /* Debug */,
				4C1AACD227E26427003C83BA /* Release */,
			);
			defaultConfigurationIsVisible = 0;
			defaultConfigurationName = Release;
		};
		DBD6475527DFBC710094B1B6 /* Build configuration list for PBXProject "AlquimistaViajante" */ = {
			isa = XCConfigurationList;
			buildConfigurations = (
				DBD6476F27DFBC730094B1B6 /* Debug */,
				DBD6477027DFBC730094B1B6 /* Release */,
			);
			defaultConfigurationIsVisible = 0;
			defaultConfigurationName = Release;
		};
		DBD6477127DFBC730094B1B6 /* Build configuration list for PBXNativeTarget "AlquimistaViajante" */ = {
			isa = XCConfigurationList;
			buildConfigurations = (
				DBD6477227DFBC730094B1B6 /* Debug */,
				DBD6477327DFBC730094B1B6 /* Release */,
			);
			defaultConfigurationIsVisible = 0;
			defaultConfigurationName = Release;
		};
/* End XCConfigurationList section */
	};
	rootObject = DBD6475227DFBC710094B1B6 /* Project object */;
}
